# This file is autogenerated, do not edit; changes may be undone by the next 'dep ensure'.


[[projects]]
  branch = "master"
  digest = "1:0b7f3239929b96ed3960e646a8852e225adf7d59928f2d66b7b56752d5ef213b"
  name = "github.com/DrmagicE/gmqtt"
  packages = [
    ".",
    "logger",
    "pkg/packets",
    "plugin/management",
  ]
  pruneopts = "UT"
  revision = "6f817756a9d60f6f5c2d4f073e5cf21b39bb0d2e"

[[projects]]
  digest = "1:d1665c44bd5db19aaee18d1b6233c99b0b9a986e8bccb24ef54747547a48027f"
  name = "github.com/PuerkitoBio/purell"
  packages = ["."]
  pruneopts = "UT"
  revision = "0bcb03f4b4d0a9428594752bd2a3b9aa0a9d4bd4"
  version = "v1.1.0"

[[projects]]
  branch = "master"
  digest = "1:c739832d67eb1e9cc478a19cc1a1ccd78df0397bf8a32978b759152e205f644b"
  name = "github.com/PuerkitoBio/urlesc"
  packages = ["."]
  pruneopts = "UT"
  revision = "de5bf2ad457846296e2031421a34e2568e304e35"

[[projects]]
  digest = "1:e92f5581902c345eb4ceffdcd4a854fb8f73cf436d47d837d1ec98ef1fe0a214"
  name = "github.com/StackExchange/wmi"
  packages = ["."]
  pruneopts = "UT"
  revision = "5d049714c4a64225c3c79a7cf7d02f7fb5b96338"
  version = "1.0.0"

[[projects]]
  digest = "1:51712f342cdefcad2c867f399a3ce8223675221d4386c81cfcccd8f0656e722e"
  name = "github.com/Syfaro/telegram-bot-api"
  packages = ["."]
  pruneopts = "UT"
  revision = "9860bdfd3a171ceafb6e1eafa163482a6ef92643"
  version = "v4.6.4"

[[projects]]
  digest = "1:d8abdc866ebbe05fa3bce50863e23afd4c73c804b90c908caa864e86df1db8a1"
  name = "github.com/bouk/monkey"
  packages = ["."]
  pruneopts = "UT"
  revision = "5df1f207ff77e025801505ae4d903133a0b4353f"
  version = "v1.0.0"

[[projects]]
  digest = "1:76dc72490af7174349349838f2fe118996381b31ea83243812a97e5a0fd5ed55"
  name = "github.com/dgrijalva/jwt-go"
  packages = ["."]
  pruneopts = "UT"
  revision = "06ea1031745cb8b3dab3f6a236daf2b0aa468b7e"
  version = "v3.2.0"

[[projects]]
  digest = "1:194d67bdb62b12db5057218e0303b7d6995b542d52104cb4fca641769d12cf90"
  name = "github.com/francoispqt/gojay"
  packages = ["."]
  pruneopts = "UT"
  revision = "1398296d938f9fae26750ddc2fe356b6d897f799"
  version = "v1.2.13"

[[projects]]
  digest = "1:cc93dd54278f6c0dd4b43588b3cf2c07b09b2a6dd4e2617edf81aa8946054c1e"
  name = "github.com/gin-contrib/cors"
  packages = ["."]
  pruneopts = "UT"
  revision = "5f50d4fb4e0306dcacc6f8e9bea2dcee784dbbdf"
  version = "v1.3.0"

[[projects]]
  branch = "master"
  digest = "1:36fe9527deed01d2a317617e59304eb2c4ce9f8a24115bcc5c2e37b3aee5bae4"
  name = "github.com/gin-contrib/sse"
  packages = ["."]
  pruneopts = "UT"
  revision = "22d885f9ecc78bf4ee5d72b937e4bbcdc58e8cae"

[[projects]]
  digest = "1:d5083934eb25e45d17f72ffa86cae3814f4a9d6c073c4f16b64147169b245606"
  name = "github.com/gin-gonic/gin"
  packages = [
    ".",
    "binding",
    "json",
    "render",
  ]
  pruneopts = "UT"
  revision = "b869fe1415e4b9eb52f247441830d502aece2d4d"
  version = "v1.3.0"

[[projects]]
  digest = "1:c96d16a4451e48e2c44b2c3531fd8ec9248d822637f1911a88959ca0bcae4a64"
  name = "github.com/go-ole/go-ole"
  packages = [
    ".",
    "oleutil",
  ]
  pruneopts = "UT"
  revision = "39dc8486bd0952279431257138bc428275b86797"
  version = "v1.2.2"

[[projects]]
  digest = "1:953a2628e4c5c72856b53f5470ed5e071c55eccf943d798d42908102af2a610f"
  name = "github.com/go-openapi/jsonpointer"
  packages = ["."]
  pruneopts = "UT"
  revision = "ef5f0afec364d3b9396b7b77b43dbe26bf1f8004"
  version = "v0.17.2"

[[projects]]
  digest = "1:81210e0af657a0fb3638932ec68e645236bceefa4c839823db0c4d918f080895"
  name = "github.com/go-openapi/jsonreference"
  packages = ["."]
  pruneopts = "UT"
  revision = "8483a886a90412cd6858df4ea3483dce9c8e35a3"
  version = "v0.17.2"

[[projects]]
  digest = "1:394fed5c0425fe01da3a34078adaa1682e4deaea6e5d232dde25c4034004c151"
  name = "github.com/go-openapi/spec"
  packages = ["."]
  pruneopts = "UT"
  revision = "5bae59e25b21498baea7f9d46e9c147ec106a42e"
  version = "v0.17.2"

[[projects]]
  digest = "1:32f3d2e7f343de7263c550d696fb8a64d3c49d8df16b1ddfc8e80e1e4b3233ce"
  name = "github.com/go-openapi/swag"
  packages = ["."]
  pruneopts = "UT"
  revision = "5899d5c5e619fda5fa86e14795a835f473ca284c"
  version = "v0.17.2"

[[projects]]
  digest = "1:97df918963298c287643883209a2c3f642e6593379f97ab400c2a2e219ab647d"
  name = "github.com/golang/protobuf"
  packages = ["proto"]
  pruneopts = "UT"
  revision = "aa810b61a9c79d51363740d207bb46cf8e620ed5"
  version = "v1.2.0"

[[projects]]
  branch = "master"
  digest = "1:f14d1b50e0075fb00177f12a96dd7addf93d1e2883c25befd17285b779549795"
  name = "github.com/gopherjs/gopherjs"
  packages = ["js"]
  pruneopts = "UT"
  revision = "d547d1d9531ed93dbdebcbff7f83e7c876a1e0ee"

[[projects]]
  digest = "1:3af6be4fee7c08f81f13d36f04ffb63ad4b6b5aaba12cce96095c7c2863d4912"
  name = "github.com/gorilla/mux"
  packages = ["."]
  pruneopts = "UT"
  revision = "ed099d42384823742bba0bf9a72b53b55c9e2e38"
  version = "v1.7.2"

[[projects]]
  digest = "1:345ad428d03cc89fa5498d61383d0d7f39afbe8731ca135c0ec92782285121d3"
  name = "github.com/gorilla/schema"
  packages = ["."]
  pruneopts = "UT"
  revision = "124d17ef95858a10835ce95502446cb5a9e9f715"
  version = "v1.1.0"

[[projects]]
  digest = "1:7b5c6e2eeaa9ae5907c391a91c132abfd5c9e8a784a341b5625e750c67e6825d"
  name = "github.com/gorilla/websocket"
  packages = ["."]
  pruneopts = "UT"
  revision = "66b9c49e59c6c48f0ffce28c2d8b8a5678502c6d"
  version = "v1.4.0"

[[projects]]
  branch = "master"
  digest = "1:89cd2208bdeb192cc83ee287216af3c987fc87a90b9087718ad6631b636cefcf"
  name = "github.com/iancoleman/strcase"
  packages = ["."]
  pruneopts = "UT"
  revision = "3605ed457bf7f8caa1371b4fafadadc026673479"

[[projects]]
  branch = "master"
  digest = "1:5c3444689562053b027ef3b96372e306adbe0d7d109b6cdd48d01eb80f8bab14"
  name = "github.com/jinzhu/copier"
  packages = ["."]
  pruneopts = "UT"
  revision = "7e38e58719c33e0d44d585c4ab477a30f8cb82dd"

[[projects]]
  branch = "master"
  digest = "1:8cd2f7a41b90a42986472382204daf3cbf7d7e121dc92390ba841f8453a7356a"
  name = "github.com/jinzhu/gorm"
  packages = ["."]
  pruneopts = "UT"
  revision = "9f1a7f53511168c0567b4b4b4f10ab7d21265174"

[[projects]]
  branch = "master"
  digest = "1:fd97437fbb6b7dce04132cf06775bd258cce305c44add58eb55ca86c6c325160"
  name = "github.com/jinzhu/inflection"
  packages = ["."]
  pruneopts = "UT"
  revision = "04140366298a54a039076d798123ffa108fff46c"

[[projects]]
  digest = "1:3e551bbb3a7c0ab2a2bf4660e7fcad16db089fdcfbb44b0199e62838038623ea"
  name = "github.com/json-iterator/go"
  packages = ["."]
  pruneopts = "UT"
  revision = "1624edc4454b8682399def8740d46db5e4362ba4"
  version = "v1.1.5"

[[projects]]
  digest = "1:4b63210654b1f2b664f74ec434a1bb1cb442b3d75742cc064a10808d1cca6361"
  name = "github.com/jtolds/gls"
  packages = ["."]
  pruneopts = "UT"
  revision = "b4936e06046bbecbb94cae9c18127ebe510a2cb9"
  version = "v4.20"

[[projects]]
  digest = "1:0a69a1c0db3591fcefb47f115b224592c8dfa4368b7ba9fae509d5e16cdc95c8"
  name = "github.com/konsorten/go-windows-terminal-sequences"
  packages = ["."]
  pruneopts = "UT"
  revision = "5c8c8bd35d3832f5d134ae1e1e375b69a4d25242"
  version = "v1.0.1"

[[projects]]
  digest = "1:8ef506fc2bb9ced9b151dafa592d4046063d744c646c1bbe801982ce87e4bc24"
  name = "github.com/lib/pq"
  packages = [
    ".",
    "oid",
  ]
  pruneopts = "UT"
  revision = "4ded0e9383f75c197b3a2aaa6d590ac52df6fd79"
  version = "v1.0.0"

[[projects]]
  branch = "master"
  digest = "1:2ce1c52ce80ce9ac0d2ac4c2f78b32b7e9fad95aae5558a21e79f86d7c41b28a"
  name = "github.com/lox/go-servejs"
  packages = ["."]
  pruneopts = "UT"
  revision = "b196cd09c2b3ffb1883b484cc584e8c380a4b00d"

[[projects]]
  branch = "master"
  digest = "1:84a5a2b67486d5d67060ac393aa255d05d24ed5ee41daecd5635ec22657b6492"
  name = "github.com/mailru/easyjson"
  packages = [
    "buffer",
    "jlexer",
    "jwriter",
  ]
  pruneopts = "UT"
  revision = "60711f1a8329503b04e1c88535f419d0bb440bff"

[[projects]]
  digest = "1:0981502f9816113c9c8c4ac301583841855c8cf4da8c72f696b3ebedf6d0e4e5"
  name = "github.com/mattn/go-isatty"
  packages = ["."]
  pruneopts = "UT"
  revision = "6ca4dbf54d38eea1a992b3c722a76a5d1c4cb25c"
  version = "v0.0.4"

[[projects]]
  digest = "1:a5d5e7ecdc316f455d6733d41098fe6cbd51d21d1ced2baa9d698ce7299c59b2"
  name = "github.com/messagebird/go-rest-api"
  packages = [
    ".",
    "balance",
    "sms",
  ]
  pruneopts = "UT"
  revision = "f1a991ff10ee0731a24cf3e84d20e444de4e44e0"
  version = "5.4.0"

[[projects]]
  digest = "1:53bc4cd4914cd7cd52139990d5170d6dc99067ae31c56530621b18b35fc30318"
  name = "github.com/mitchellh/mapstructure"
  packages = ["."]
  pruneopts = "UT"
  revision = "3536a929edddb9a5b34bd6861dc4a9647cb459fe"

[[projects]]
  digest = "1:33422d238f147d247752996a26574ac48dcf472976eda7f5134015f06bf16563"
  name = "github.com/modern-go/concurrent"
  packages = ["."]
  pruneopts = "UT"
  revision = "bacd9c7ef1dd9b15be4a9909b8ac7a4e313eec94"
  version = "1.0.3"

[[projects]]
  digest = "1:e32bdbdb7c377a07a9a46378290059822efdce5c8d96fe71940d87cb4f918855"
  name = "github.com/modern-go/reflect2"
  packages = ["."]
  pruneopts = "UT"
  revision = "4b7aa43c6742a2c18fdef89dd197aaae7dac7ccd"
  version = "1.0.1"

[[projects]]
  digest = "1:3b68aaa159109450b5c0c79e40a02347db7ceb10bb8758687898f7e57d355cf7"
  name = "github.com/nlopes/slack"
  packages = [
    ".",
    "internal/errorsx",
    "internal/timex",
    "slackutilsx",
  ]
  pruneopts = "UT"
  revision = "1af34b6bda3d43878255fff7bd2884ea0c23295e"
  version = "v0.6.0"

[[projects]]
  branch = "v3"
  digest = "1:47360765b64ba68cc23420ec2967c7cca5b1d8a438493ac55945ef58e7560bc2"
  name = "github.com/olebedev/go-duktape"
  packages = ["."]
  pruneopts = "UT"
  revision = "ccb656ba24c2a193e5650299767e2df1554725fd"

[[projects]]
  digest = "1:5b3b29ce0e569f62935d9541dff2e16cc09df981ebde48e82259076a73a3d0c7"
  name = "github.com/op/go-logging"
  packages = ["."]
  pruneopts = "UT"
  revision = "b2cb9fa56473e98db8caba80237377e83fe44db5"
  version = "v1"

[[projects]]
  digest = "1:cf31692c14422fa27c83a05292eb5cbe0fb2775972e8f1f8446a71549bd8980b"
  name = "github.com/pkg/errors"
  packages = ["."]
  pruneopts = "UT"
  revision = "ba968bfe8b2f7e042a574c888954fccecfa385b4"
  version = "v0.8.1"

[[projects]]
  digest = "1:77b730fa4c2d98f3ddf492acbea351eb6b0560fa5eace4105a6fc33ff937bb1b"
  name = "github.com/rakyll/statik"
  packages = ["fs"]
  pruneopts = "UT"
  revision = "3bac566d30cdbeddef402a80f3d6305860e59f12"
  version = "v0.1.6"

[[projects]]
  branch = "master"
  digest = "1:207fa20d9fe5d2a98c59ed1b512fa079ab212fe3c498ce2305cb31b603c3ae53"
  name = "github.com/ribice/golang-swaggerui-example"
  packages = [
    ".",
    "cmd/api",
    "cmd/swagger",
    "cmd/swaggerui",
  ]
  pruneopts = "UT"
  revision = "1e7622a30e509a4e004dcf14d10ac93fbe08fc8d"

[[projects]]
  branch = "master"
  digest = "1:cd638908d04442c8b6afd5d0221c21556e76c5e7130448ca97d249b47d66dd41"
  name = "github.com/rubenv/sql-migrate"
  packages = [
    ".",
    "sqlparse",
  ]
  pruneopts = "UT"
  revision = "3f452fc0ebebbb784fdab91f7bc79a31dcacab5c"

[[projects]]
  branch = "master"
  digest = "1:b12f30136b94e4e2d0d5fc3f39901df683ad24d93434f718bf16a81ed5aa0a29"
  name = "github.com/sfreiberg/gotwilio"
  packages = ["."]
  pruneopts = "UT"
  revision = "f6f740c7bffc9556aee9e8c62d38b112bc8d3a78"

[[projects]]
  digest = "1:772b258c49e7eb2d46983b28c108f4300291d7b44709ffbd12f50012397fd5a6"
  name = "github.com/shirou/gopsutil"
  packages = [
    "cpu",
    "disk",
    "host",
    "internal/common",
    "mem",
    "net",
    "process",
  ]
  pruneopts = "UT"
  revision = "0f70a4a06f7a1039305ec9b3ba9c2800f8929fba"
  version = "v2.18.11"

[[projects]]
  branch = "master"
  digest = "1:99c6a6dab47067c9b898e8c8b13d130c6ab4ffbcc4b7cc6236c2cd0b1e344f5b"
  name = "github.com/shirou/w32"
  packages = ["."]
  pruneopts = "UT"
  revision = "bb4de0191aa41b5507caa14b0650cdbddcd9280b"

[[projects]]
  digest = "1:69b1cc331fca23d702bd72f860c6a647afd0aa9fcbc1d0659b1365e26546dd70"
  name = "github.com/sirupsen/logrus"
  packages = ["."]
  pruneopts = "UT"
  revision = "bcd833dfe83d3cebad139e4a29ed79cb2318bf95"
  version = "v1.2.0"

[[projects]]
  digest = "1:cc1c574c9cb5e99b123888c12b828e2d19224ab6c2244bda34647f230bf33243"
  name = "github.com/smartystreets/assertions"
  packages = [
    ".",
    "internal/go-render/render",
    "internal/oglematchers",
  ]
  pruneopts = "UT"
  revision = "7678a5452ebea5b7090a6b163f844c133f523da2"
  version = "1.8.3"

[[projects]]
  digest = "1:a3e081e593ee8e3b0a9af6a5dcac964c67a40c4f2034b5345b2ad78d05920728"
  name = "github.com/smartystreets/goconvey"
  packages = [
    "convey",
    "convey/gotest",
    "convey/reporting",
  ]
  pruneopts = "UT"
  revision = "9e8dc3f972df6c8fcc0375ef492c24d0bb204857"
  version = "1.6.3"

[[projects]]
  branch = "master"
  digest = "1:11395ff810f2ada545e57e8ba7ac23e5081662f4e105d8501506e55958bd5286"
  name = "github.com/surge/glog"
  packages = ["."]
  pruneopts = "UT"
  revision = "2578deb2b95c665e6b1ebabf304ce2085c9e1985"

[[projects]]
  branch = "master"
  digest = "1:84dfee0fc72c46f52cb4e4322f8cbb73345d601405f0683285b85038c8d110e8"
  name = "github.com/surgemq/message"
  packages = ["."]
  pruneopts = "UT"
  revision = "2b7ca1ac6121420133f8df6b94a976d5ca35339a"

[[projects]]
  branch = "master"
  digest = "1:b318ea1e887063cae478a14c2ebb224c4225b69971122bbd076601b848bb9f45"
  name = "github.com/surgemq/surgemq"
  packages = [
    "auth",
    "service",
    "sessions",
    "topics",
  ]
  pruneopts = "UT"
  revision = "782e2da078054c9a245f7f78c3f9a0994b5c21c2"

[[projects]]
  digest = "1:f7e7c41b7c708912d83dc5e4acd1392402733e18f5a6aebbe217e0f9e10057f2"
  name = "github.com/swaggo/swag"
  packages = ["."]
  pruneopts = "UT"
  revision = "db2ee6c14a35e4fca95b0d75054296ef2b699050"
  version = "v1.3.2"

[[projects]]
  branch = "master"
  digest = "1:9f15b02d916da48250632663a73015caeec06c284bb0e44e9f31c561f01b8d96"
  name = "github.com/t-tiger/gorm-bulk-insert"
  packages = ["."]
  pruneopts = "UT"
  revision = "ec69ce854cfe0a6f8975cecbe5d1d978b2d8d108"

[[projects]]
  digest = "1:420817f94b6c172dabb8a054d0b2d257d7437a87c7c8c7ee432bc008a577fc46"
  name = "github.com/technoweenie/multipartstreamer"
  packages = ["."]
  pruneopts = "UT"
  revision = "a90a01d73ae432e2611d178c18367fbaa13e0154"
  version = "v1.0.1"

[[projects]]
  digest = "1:03aa6e485e528acb119fb32901cf99582c380225fc7d5a02758e08b180cb56c3"
  name = "github.com/ugorji/go"
  packages = ["codec"]
  pruneopts = "UT"
  revision = "b4c50a2b199d93b13dc15e78929cfb23bfdf21ab"
  version = "v1.1.1"

[[projects]]
  digest = "1:001a4e7a40e50ff2ef32e2556bca50c4f77daa457db3ac6afc8bea9bb2122cfb"
  name = "golang.org/x/crypto"
  packages = [
    "bcrypt",
    "blowfish",
    "ssh/terminal",
  ]
  pruneopts = "UT"
  revision = "c126467f60eb25f8f27e5a981f32a87e3965053f"

[[projects]]
  branch = "master"
  digest = "1:80b14d5e8dc8ecc95154e3747028cfa3be6d590a85a60d0a633203419bbc9a19"
  name = "golang.org/x/net"
  packages = [
    "context",
    "idna",
    "webdav",
    "webdav/internal/xml",
  ]
  pruneopts = "UT"
  revision = "c10e9556a7bc0e7c942242b606f0acf024ad5d6a"

[[projects]]
  branch = "master"
  digest = "1:417d27a82efb8473554234a282be33d23b0d6adc121e636b55950f913ac071d6"
  name = "golang.org/x/sys"
  packages = [
    "unix",
    "windows",
  ]
  pruneopts = "UT"
  revision = "9b800f95dbbc54abff0acf7ee32d88ba4e328c89"

[[projects]]
  digest = "1:0c56024909189aee3364b7f21a95a27459f718aa7c199a5c111c36cfffd9eaef"
  name = "golang.org/x/text"
  packages = [
    "collate",
    "collate/build",
    "internal/colltab",
    "internal/gen",
    "internal/tag",
    "internal/triegen",
    "internal/ucd",
    "language",
    "secure/bidirule",
    "transform",
    "unicode/bidi",
    "unicode/cldr",
    "unicode/norm",
    "unicode/rangetable",
    "width",
  ]
  pruneopts = "UT"
  revision = "f21a4dfb5e38f5895301dc265a8def02365cc3d0"
  version = "v0.3.0"

[[projects]]
  branch = "v3"
  digest = "1:7388652e2215a3f45d341d58766ed58317971030eb1cbd75f005f96ace8e9196"
  name = "gopkg.in/alexcesaro/quotedprintable.v3"
  packages = ["."]
  pruneopts = "UT"
  revision = "2caba252f4dc53eaf6b553000885530023f54623"

[[projects]]
  digest = "1:cbc72c4c4886a918d6ab4b95e347ffe259846260f99ebdd8a198c2331cf2b2e9"
  name = "gopkg.in/go-playground/validator.v8"
  packages = ["."]
  pruneopts = "UT"
  revision = "5f1438d3fca68893a817e4a66806cea46a9e4ebf"
  version = "v8.18.2"

[[projects]]
  digest = "1:eebd52aee67d9f1e0af1859a584e14b1817581dd5f90d4585418c27b6a93c966"
  name = "gopkg.in/gomail.v2"
  packages = ["."]
  pruneopts = "UT"
  revision = "41f3572897373c5538c50a2402db15db079fa4fd"
  version = "2.0.0"

[[projects]]
  digest = "1:fa9a7c0ef59217bd22f32eb7cc027894d73f340a5633258cc079dec025db6a7f"
  name = "gopkg.in/gorp.v1"
  packages = ["."]
  pruneopts = "UT"
  revision = "c87af80f3cc5036b55b83d77171e156791085e2e"
  version = "v1.7.1"

[[projects]]
  digest = "1:342378ac4dcb378a5448dd723f0784ae519383532f5e70ade24132c4c8693202"
  name = "gopkg.in/yaml.v2"
  packages = ["."]
  pruneopts = "UT"
  revision = "5420a8b6744d3b0345ab293f6fcba19c978f1183"
  version = "v2.2.1"

[[projects]]
  branch = "(default)"
  digest = "1:c3371eecf014177a2355875b7f706a6ea61b587d7c0428db9460433dfd0ea83e"
  name = "launchpad.net/goamz"
  packages = [
    "aws",
    "s3",
  ]
  pruneopts = "UT"
  revision = "martin.packman@canonical.com-20140813150539-umttn7s536u85eiz"

[solve-meta]
  analyzer-name = "dep"
  analyzer-version = 1
  input-imports = [
    "github.com/DrmagicE/gmqtt",
    "github.com/DrmagicE/gmqtt/pkg/packets",
    "github.com/DrmagicE/gmqtt/plugin/management",
    "github.com/Syfaro/telegram-bot-api",
    "github.com/bouk/monkey",
    "github.com/dgrijalva/jwt-go",
    "github.com/francoispqt/gojay",
    "github.com/gin-contrib/cors",
    "github.com/gin-gonic/gin",
    "github.com/gorilla/mux",
    "github.com/gorilla/websocket",
    "github.com/iancoleman/strcase",
    "github.com/jinzhu/copier",
    "github.com/jinzhu/gorm",
    "github.com/lib/pq",
    "github.com/lox/go-servejs",
    "github.com/messagebird/go-rest-api",
    "github.com/messagebird/go-rest-api/balance",
    "github.com/messagebird/go-rest-api/sms",
    "github.com/mitchellh/mapstructure",
    "github.com/nlopes/slack",
    "github.com/olebedev/go-duktape",
    "github.com/op/go-logging",
    "github.com/pkg/errors",
    "github.com/rakyll/statik/fs",
    "github.com/ribice/golang-swaggerui-example",
    "github.com/ribice/golang-swaggerui-example/cmd/api",
    "github.com/ribice/golang-swaggerui-example/cmd/swagger",
    "github.com/ribice/golang-swaggerui-example/cmd/swaggerui",
    "github.com/rubenv/sql-migrate",
    "github.com/sfreiberg/gotwilio",
    "github.com/shirou/gopsutil/cpu",
    "github.com/shirou/gopsutil/disk",
    "github.com/shirou/gopsutil/host",
    "github.com/shirou/gopsutil/mem",
    "github.com/sirupsen/logrus",
    "github.com/smartystreets/assertions",
    "github.com/smartystreets/goconvey/convey",
    "github.com/smartystreets/goconvey/convey/reporting",
    "github.com/surgemq/message",
    "github.com/surgemq/surgemq/auth",
    "github.com/surgemq/surgemq/service",
    "github.com/swaggo/swag",
    "github.com/t-tiger/gorm-bulk-insert",
    "golang.org/x/crypto/bcrypt",
    "golang.org/x/net/context",
    "golang.org/x/net/webdav",
    "gopkg.in/gomail.v2",
    "launchpad.net/goamz/aws",
    "launchpad.net/goamz/s3",
  ]
  solver-name = "gps-cdcl"
  solver-version = 1
